
Microsoft Visual Studio Solution File, Format Version 12.00
# Visual Studio Version 16
VisualStudioVersion = 16.0.31112.23
MinimumVisualStudioVersion = 10.0.40219.1
Project("{FAE04EC0-301F-11D3-BF4B-00C04F79EFBC}") = "poblacion", "poblacion\poblacion.csproj", "{12CA37B6-A60D-4212-8B8A-B41201431FDB}"
EndProject
Global
	GlobalSection(SolutionConfigurationPlatforms) = preSolution
		Debug|Any CPU = Debug|Any CPU
		Release|Any CPU = Release|Any CPU
	EndGlobalSection
	GlobalSection(ProjectConfigurationPlatforms) = postSolution
		{12CA37B6-A60D-4212-8B8A-B41201431FDB}.Debug|Any CPU.ActiveCfg = Debug|Any CPU
		{12CA37B6-A60D-4212-8B8A-B41201431FDB}.Debug|Any CPU.Build.0 = Debug|Any CPU
		{12CA37B6-A60D-4212-8B8A-B41201431FDB}.Release|Any CPU.ActiveCfg = Release|Any CPU
		{12CA37B6-A60D-4212-8B8A-B41201431FDB}.Release|Any CPU.Build.0 = Release|Any CPU
	EndGlobalSection
	GlobalSection(SolutionProperties) = preSolution
		HideSolutionNode = FALSE
	EndGlobalSection
	GlobalSection(ExtensibilityGlobals) = postSolution
		SolutionGuid = {76D6CD68-A31E-4E35-B5BC-CCAF1069AFE4}
	EndGlobalSection
EndGlobal
